
Microsoft Visual Studio Solution File, Format Version 12.00
# Visual Studio 15
VisualStudioVersion = 15.0.28307.438
MinimumVisualStudioVersion = 10.0.40219.1
Project("{FAE04EC0-301F-11D3-BF4B-00C04F79EFBC}") = "FinancesAPI", "FinancesAPI\FinancesAPI.csproj", "{2AA8FCF9-2057-4420-90A4-A407F50C3556}"
EndProject
Global
	GlobalSection(SolutionConfigurationPlatforms) = preSolution
		Debug|Any CPU = Debug|Any CPU
		Release|Any CPU = Release|Any CPU
	EndGlobalSection
	GlobalSection(ProjectConfigurationPlatforms) = postSolution
		{2AA8FCF9-2057-4420-90A4-A407F50C3556}.Debug|Any CPU.ActiveCfg = Debug|Any CPU
		{2AA8FCF9-2057-4420-90A4-A407F50C3556}.Debug|Any CPU.Build.0 = Debug|Any CPU
		{2AA8FCF9-2057-4420-90A4-A407F50C3556}.Release|Any CPU.ActiveCfg = Release|Any CPU
		{2AA8FCF9-2057-4420-90A4-A407F50C3556}.Release|Any CPU.Build.0 = Release|Any CPU
	EndGlobalSection
	GlobalSection(SolutionProperties) = preSolution
		HideSolutionNode = FALSE
	EndGlobalSection
	GlobalSection(ExtensibilityGlobals) = postSolution
		SolutionGuid = {D4906710-F193-4491-A358-B9B90E08FB26}
	EndGlobalSection
EndGlobal
